Microsoft Visual Studio Solution File, Format Version 11.00
# Visual Studio 2008

Project("{1C27EABC-C754-AEE8-20F3-4E9DE3916D0E}") = "PlatformParty", "Assembly-CSharp-vs.csproj", "{1F3D4099-21E6-A8ED-B25B-4A8D906D4FFD}"
EndProject
Global
	GlobalSection(SolutionConfigurationPlatforms) = preSolution
		Debug|Any CPU = Debug|Any CPU
		Release|Any CPU = Release|Any CPU
	EndGlobalSection
	GlobalSection(ProjectConfigurationPlatforms) = postSolution
		{1F3D4099-21E6-A8ED-B25B-4A8D906D4FFD}.Debug|Any CPU.ActiveCfg = Debug|Any CPU
		{1F3D4099-21E6-A8ED-B25B-4A8D906D4FFD}.Debug|Any CPU.Build.0 = Debug|Any CPU
		{1F3D4099-21E6-A8ED-B25B-4A8D906D4FFD}.Release|Any CPU.ActiveCfg = Release|Any CPU
		{1F3D4099-21E6-A8ED-B25B-4A8D906D4FFD}.Release|Any CPU.Build.0 = Release|Any CPU
	EndGlobalSection
	GlobalSection(SolutionProperties) = preSolution
		HideSolutionNode = FALSE
	EndGlobalSection
																GlobalSection(MonoDevelopProperties) = preSolution
		StartupItem = Assembly-CSharp.csproj
		Policies = $0
		$0.TextStylePolicy = $1
		$1.inheritsSet = null
		$1.scope = text/x-csharp
		$0.CSharpFormattingPolicy = $2
		$2.inheritsSet = Mono
		$2.inheritsScope = text/x-csharp
		$2.scope = text/x-csharp
		$0.TextStylePolicy = $3
		$3.FileWidth = 120
		$3.TabWidth = 4
		$3.EolMarker = Unix
		$3.inheritsSet = Mono
		$3.inheritsScope = text/plain
		$3.scope = text/plain
	EndGlobalSection

EndGlobal
